
Microsoft Visual Studio Solution File, Format Version 12.00
# Visual Studio 15
VisualStudioVersion = 15.0.34320.172
MinimumVisualStudioVersion = 10.0.40219.1
Project("{FAE04EC0-301F-11D3-BF4B-00C04F79EFBC}") = "Ch07Ex03", "Ch07Ex03\Ch07Ex03.csproj", "{D671179F-8458-46F3-80EE-C40F1E69B0B6}"
EndProject
Global
	GlobalSection(SolutionConfigurationPlatforms) = preSolution
		Debug|Any CPU = Debug|Any CPU
		Release|Any CPU = Release|Any CPU
	EndGlobalSection
	GlobalSection(ProjectConfigurationPlatforms) = postSolution
		{D671179F-8458-46F3-80EE-C40F1E69B0B6}.Debug|Any CPU.ActiveCfg = Debug|Any CPU
		{D671179F-8458-46F3-80EE-C40F1E69B0B6}.Debug|Any CPU.Build.0 = Debug|Any CPU
		{D671179F-8458-46F3-80EE-C40F1E69B0B6}.Release|Any CPU.ActiveCfg = Release|Any CPU
		{D671179F-8458-46F3-80EE-C40F1E69B0B6}.Release|Any CPU.Build.0 = Release|Any CPU
	EndGlobalSection
	GlobalSection(SolutionProperties) = preSolution
		HideSolutionNode = FALSE
	EndGlobalSection
	GlobalSection(ExtensibilityGlobals) = postSolution
		SolutionGuid = {5F3A6B2B-C4F9-4E66-9DA3-93ECED5D9C2C}
	EndGlobalSection
EndGlobal
