
Microsoft Visual Studio Solution File, Format Version 12.00
# Visual Studio 15
VisualStudioVersion = 15.0.34320.172
MinimumVisualStudioVersion = 10.0.40219.1
Project("{FAE04EC0-301F-11D3-BF4B-00C04F79EFBC}") = "Ch07Ex05", "Ch07Ex05\Ch07Ex05.csproj", "{0D33616E-E60F-47E2-9AE4-06269BFAE61C}"
EndProject
Global
	GlobalSection(SolutionConfigurationPlatforms) = preSolution
		Debug|Any CPU = Debug|Any CPU
		Release|Any CPU = Release|Any CPU
	EndGlobalSection
	GlobalSection(ProjectConfigurationPlatforms) = postSolution
		{0D33616E-E60F-47E2-9AE4-06269BFAE61C}.Debug|Any CPU.ActiveCfg = Debug|Any CPU
		{0D33616E-E60F-47E2-9AE4-06269BFAE61C}.Debug|Any CPU.Build.0 = Debug|Any CPU
		{0D33616E-E60F-47E2-9AE4-06269BFAE61C}.Release|Any CPU.ActiveCfg = Release|Any CPU
		{0D33616E-E60F-47E2-9AE4-06269BFAE61C}.Release|Any CPU.Build.0 = Release|Any CPU
	EndGlobalSection
	GlobalSection(SolutionProperties) = preSolution
		HideSolutionNode = FALSE
	EndGlobalSection
	GlobalSection(ExtensibilityGlobals) = postSolution
		SolutionGuid = {49F5C9C8-825B-46C9-9E17-D94700AB8D86}
	EndGlobalSection
EndGlobal
