
Microsoft Visual Studio Solution File, Format Version 12.00
# Visual Studio 15
VisualStudioVersion = 15.0.34320.172
MinimumVisualStudioVersion = 10.0.40219.1
Project("{FAE04EC0-301F-11D3-BF4B-00C04F79EFBC}") = "Ch07Ex02", "Ch07Ex02\Ch07Ex02.csproj", "{9B24AF95-63C2-4B7B-9F26-57ED944D054E}"
EndProject
Global
	GlobalSection(SolutionConfigurationPlatforms) = preSolution
		Debug|Any CPU = Debug|Any CPU
		Release|Any CPU = Release|Any CPU
	EndGlobalSection
	GlobalSection(ProjectConfigurationPlatforms) = postSolution
		{9B24AF95-63C2-4B7B-9F26-57ED944D054E}.Debug|Any CPU.ActiveCfg = Debug|Any CPU
		{9B24AF95-63C2-4B7B-9F26-57ED944D054E}.Debug|Any CPU.Build.0 = Debug|Any CPU
		{9B24AF95-63C2-4B7B-9F26-57ED944D054E}.Release|Any CPU.ActiveCfg = Release|Any CPU
		{9B24AF95-63C2-4B7B-9F26-57ED944D054E}.Release|Any CPU.Build.0 = Release|Any CPU
	EndGlobalSection
	GlobalSection(SolutionProperties) = preSolution
		HideSolutionNode = FALSE
	EndGlobalSection
	GlobalSection(ExtensibilityGlobals) = postSolution
		SolutionGuid = {75739D10-2C14-4A88-8966-1C8A3C846F35}
	EndGlobalSection
EndGlobal
